# This file is automatically @generated by Poetry 1.6.1 and should not be changed by hand.

[[package]]
name = "micropython-esp32-stubs"
version = "1.21.0.post2"
description = "MicroPython stubs"
optional = false
python-versions = ">=3.8,<4.0"
files = [
    {file = "micropython_esp32_stubs-1.21.0.post2-py3-none-any.whl", hash = "sha256:6e72fe76aa29d7c6d20bbbc640c92a2f26d86d6df0fbeb73a5bcadf112fe925a"},
    {file = "micropython_esp32_stubs-1.21.0.post2.tar.gz", hash = "sha256:a3f40ad9b500b7740ec60e5418a63657c4b7de94327a2ee5faa26c3060c8820b"},
]

[package.dependencies]
micropython-stdlib-stubs = ">=0.9.0"

[[package]]
name = "micropython-rp2-stubs"
version = "1.20.0.post3"
description = "MicroPython stubs"
optional = false
python-versions = ">=3.8,<4.0"
files = [
    {file = "micropython_rp2_stubs-1.20.0.post3-py3-none-any.whl", hash = "sha256:d644571c895182f328512fbe8232fe73220571490206c1fc6f93a8e0bd0030c6"},
    {file = "micropython_rp2_stubs-1.20.0.post3.tar.gz", hash = "sha256:71a5c084165484ae49c5daac9c289ac32b7c9fcb9293f21b085e4731d080b124"},
]

[package.dependencies]
micropython-stdlib-stubs = ">=0.9.0"

[[package]]
name = "micropython-stdlib-stubs"
version = "1.0.0"
description = "Micropython stdlib is a reduced and augmented copy of typeshed's stdlib for use by MicroPython stub packages"
optional = false
python-versions = ">=3.8,<4.0"
files = [
    {file = "micropython_stdlib_stubs-1.0.0-py3-none-any.whl", hash = "sha256:bbdf05f66b3a951d6c5e1626198f9fdb39b3b190794146d5d3aea3a5cf15da9c"},
    {file = "micropython_stdlib_stubs-1.0.0.tar.gz", hash = "sha256:075996b2525b479eae2ba6899ac488592a6f3c9ec4aba0d51e7c0c1454839da6"},
]

[metadata]
lock-version = "2.0"
python-versions = "^3.11"
content-hash = "f6d7f947eed4deb61147ae73b2c7c2fb9d23bbc70783e4fc4dd49819b07c3a93"
